
Microsoft Visual Studio Solution File, Format Version 12.00
# Visual Studio Version 16
VisualStudioVersion = 16.0.30011.22
MinimumVisualStudioVersion = 10.0.40219.1
Project("{FAE04EC0-301F-11D3-BF4B-00C04F79EFBC}") = "DecisionMakingLab", "DecisionMakingLab\DecisionMakingLab.csproj", "{83C07AF0-F02B-42C1-8A6A-CED5D2D6E8CA}"
EndProject
Global
	GlobalSection(SolutionConfigurationPlatforms) = preSolution
		Debug|Any CPU = Debug|Any CPU
		Release|Any CPU = Release|Any CPU
	EndGlobalSection
	GlobalSection(ProjectConfigurationPlatforms) = postSolution
		{83C07AF0-F02B-42C1-8A6A-CED5D2D6E8CA}.Debug|Any CPU.ActiveCfg = Debug|Any CPU
		{83C07AF0-F02B-42C1-8A6A-CED5D2D6E8CA}.Debug|Any CPU.Build.0 = Debug|Any CPU
		{83C07AF0-F02B-42C1-8A6A-CED5D2D6E8CA}.Release|Any CPU.ActiveCfg = Release|Any CPU
		{83C07AF0-F02B-42C1-8A6A-CED5D2D6E8CA}.Release|Any CPU.Build.0 = Release|Any CPU
	EndGlobalSection
	GlobalSection(SolutionProperties) = preSolution
		HideSolutionNode = FALSE
	EndGlobalSection
	GlobalSection(ExtensibilityGlobals) = postSolution
		SolutionGuid = {3EBA87B1-FF68-445E-90E7-0DAE19CC8A35}
	EndGlobalSection
EndGlobal
